<?xml version="1.0" encoding="utf-8"?>
<Project ToolsVersion="4.0" xmlns="http://schemas.microsoft.com/developer/msbuild/2003">
  <ItemGroup>
    <Filter Include="source">
      <UniqueIdentifier>{a1000000-0000-0000-0000-000000000001}</UniqueIdentifier>
    </Filter>
    <Filter Include="source\Game">
      <UniqueIdentifier>{a1000000-0000-0000-0000-000000000002}</UniqueIdentifier>
    </Filter>
    <Filter Include="source\PlatformApi">
      <UniqueIdentifier>{a1000000-0000-0000-0000-0000000000c0}</UniqueIdentifier>
    </Filter>
    <Filter Include="source\Graphics">
      <UniqueIdentifier>{a1000000-0000-0000-0000-000000000003}</UniqueIdentifier>
    </Filter>
    <Filter Include="source\Graphics\Vulkan">
      <UniqueIdentifier>{a1000000-0000-0000-0000-000000000004}</UniqueIdentifier>
    </Filter>
    <Filter Include="source\Graphics\SoftwareRender">
      <UniqueIdentifier>{a1000000-0000-0000-0000-00000000000a}</UniqueIdentifier>
    </Filter>
    <Filter Include="source\Graphics\Vulkan\shaders">
      <UniqueIdentifier>{a1000000-0000-0000-0000-000000000005}</UniqueIdentifier>
    </Filter>
    <Filter Include="source\helpers">
      <UniqueIdentifier>{a1000000-0000-0000-0000-000000000006}</UniqueIdentifier>
    </Filter>
    <Filter Include="source\win32">
      <UniqueIdentifier>{a1000000-0000-0000-0000-000000000007}</UniqueIdentifier>
    </Filter>
    <Filter Include="source\win32\include">
      <UniqueIdentifier>{a1000000-0000-0000-0000-000000000008}</UniqueIdentifier>
    </Filter>
    <Filter Include="source\win32\src">
      <UniqueIdentifier>{a1000000-0000-0000-0000-000000000009}</UniqueIdentifier>
    </Filter>
    <Filter Include="assets">
      <UniqueIdentifier>{a1000000-0000-0000-0000-0000000000b0}</UniqueIdentifier>
    </Filter>
    <Filter Include="assets\models">
      <UniqueIdentifier>{a1000000-0000-0000-0000-0000000000b1}</UniqueIdentifier>
    </Filter>
  </ItemGroup>
  <ItemGroup>
    <ClCompile Include="..\source\Game\Game.cpp">
      <Filter>source\Game</Filter>
    </ClCompile>
    <ClCompile Include="..\source\Game\Entity.cpp">
      <Filter>source\Game</Filter>
    </ClCompile>
    <ClCompile Include="..\source\Graphics\SoftwareRender\SoftwareRender.cpp">
      <Filter>source\Graphics\SoftwareRender</Filter>
    </ClCompile>
    <ClCompile Include="..\source\Graphics\Vulkan\VulkanApi.cpp">
      <Filter>source\Graphics\Vulkan</Filter>
    </ClCompile>
    <ClCompile Include="..\source\Graphics\Vulkan\VulkanRender.cpp">
      <Filter>source\Graphics\Vulkan</Filter>
    </ClCompile>
    <ClCompile Include="..\source\Graphics\Vulkan\VulkanShaders.cpp">
      <Filter>source\Graphics\Vulkan</Filter>
    </ClCompile>
    <ClCompile Include="..\source\win32\Program.cpp">
      <Filter>source\win32</Filter>
    </ClCompile>
    <ClCompile Include="..\source\win32\src\Win32FileIO.cpp">
      <Filter>source\win32\src</Filter>
    </ClCompile>
    <ClCompile Include="..\source\win32\src\Win32GameCode.cpp">
      <Filter>source\win32\src</Filter>
    </ClCompile>
    <ClCompile Include="..\source\win32\src\Win32GDI.cpp">
      <Filter>source\win32\src</Filter>
    </ClCompile>
    <ClCompile Include="..\source\win32\src\Win32Input.cpp">
      <Filter>source\win32\src</Filter>
    </ClCompile>
    <ClCompile Include="..\source\win32\src\Win32Memory.cpp">
      <Filter>source\win32\src</Filter>
    </ClCompile>
    <ClCompile Include="..\source\win32\src\Win32Replay.cpp">
      <Filter>source\win32\src</Filter>
    </ClCompile>
    <ClCompile Include="..\source\win32\src\Win32Sound.cpp">
      <Filter>source\win32\src</Filter>
    </ClCompile>
    <ClCompile Include="..\source\win32\src\Win32Timer.cpp">
      <Filter>source\win32\src</Filter>
    </ClCompile>
    <ClCompile Include="..\source\win32\src\Win32Window.cpp">
      <Filter>source\win32\src</Filter>
    </ClCompile>
  </ItemGroup>
  <ItemGroup>
    <ClInclude Include="..\source\Game\Game.h">
      <Filter>source\Game</Filter>
    </ClInclude>
    <ClInclude Include="..\source\Game\Entity.h">
      <Filter>source\Game</Filter>
    </ClInclude>
    <ClInclude Include="..\source\PlatformApi\PlatformAPI.h">
      <Filter>source\PlatformApi</Filter>
    </ClInclude>
    <ClInclude Include="..\source\PlatformApi\GameInput.h">
      <Filter>source\PlatformApi</Filter>
    </ClInclude>
    <ClInclude Include="..\source\PlatformApi\GameMemory.h">
      <Filter>source\PlatformApi</Filter>
    </ClInclude>
    <ClInclude Include="..\source\PlatformApi\GameRender.h">
      <Filter>source\PlatformApi</Filter>
    </ClInclude>
    <ClInclude Include="..\source\PlatformApi\RenderCommands.h">
      <Filter>source\PlatformApi</Filter>
    </ClInclude>
    <ClInclude Include="..\source\PlatformApi\GameSound.h">
      <Filter>source\PlatformApi</Filter>
    </ClInclude>
    <ClInclude Include="..\source\Game\GameState.h">
      <Filter>source\Game</Filter>
    </ClInclude>
    <ClInclude Include="..\source\Graphics\SoftwareRender\SoftwareRender.h">
      <Filter>source\Graphics\SoftwareRender</Filter>
    </ClInclude>
    <ClInclude Include="..\source\Graphics\Vulkan\VulkanApi.h">
      <Filter>source\Graphics\Vulkan</Filter>
    </ClInclude>
    <ClInclude Include="..\source\Graphics\Vulkan\VulkanContext.h">
      <Filter>source\Graphics\Vulkan</Filter>
    </ClInclude>
    <ClInclude Include="..\source\Graphics\Vulkan\VulkanRender.h">
      <Filter>source\Graphics\Vulkan</Filter>
    </ClInclude>
    <ClInclude Include="..\source\Graphics\Vulkan\VulkanShaders.h">
      <Filter>source\Graphics\Vulkan</Filter>
    </ClInclude>
    <ClInclude Include="..\source\helpers\Debug.h">
      <Filter>source\helpers</Filter>
    </ClInclude>
    <ClInclude Include="..\source\helpers\HandmadeMath.h">
      <Filter>source\helpers</Filter>
    </ClInclude>
    <ClInclude Include="..\source\helpers\Intrinsics.h">
      <Filter>source\helpers</Filter>
    </ClInclude>
    <ClInclude Include="..\source\helpers\Memory.h">
      <Filter>source\helpers</Filter>
    </ClInclude>
    <ClInclude Include="..\source\helpers\Strings.h">
      <Filter>source\helpers</Filter>
    </ClInclude>
    <ClInclude Include="..\source\helpers\Types.h">
      <Filter>source\helpers</Filter>
    </ClInclude>
    <ClInclude Include="..\source\win32\include\Win32FileIO.h">
      <Filter>source\win32\include</Filter>
    </ClInclude>
    <ClInclude Include="..\source\win32\include\Win32GameCode.h">
      <Filter>source\win32\include</Filter>
    </ClInclude>
    <ClInclude Include="..\source\win32\include\Win32GDI.h">
      <Filter>source\win32\include</Filter>
    </ClInclude>
    <ClInclude Include="..\source\win32\include\Win32Input.h">
      <Filter>source\win32\include</Filter>
    </ClInclude>
    <ClInclude Include="..\source\win32\include\Win32Memory.h">
      <Filter>source\win32\include</Filter>
    </ClInclude>
    <ClInclude Include="..\source\win32\include\Win32Replay.h">
      <Filter>source\win32\include</Filter>
    </ClInclude>
    <ClInclude Include="..\source\win32\include\Win32Sound.h">
      <Filter>source\win32\include</Filter>
    </ClInclude>
    <ClInclude Include="..\source\win32\include\Win32Timer.h">
      <Filter>source\win32\include</Filter>
    </ClInclude>
    <ClInclude Include="..\source\win32\include\Win32Window.h">
      <Filter>source\win32\include</Filter>
    </ClInclude>
  </ItemGroup>
  <ItemGroup>
    <None Include="..\source\Graphics\Vulkan\shaders\rect.vert">
      <Filter>source\Graphics\Vulkan\shaders</Filter>
    </None>
    <None Include="..\source\Graphics\Vulkan\shaders\rect.frag">
      <Filter>source\Graphics\Vulkan\shaders</Filter>
    </None>
    <None Include="..\assets\models\README.md">
      <Filter>assets\models</Filter>
    </None>
  </ItemGroup>
</Project>
